
Microsoft Visual Studio Solution File, Format Version 12.00
# Visual Studio Version 17
VisualStudioVersion = 17.11.35312.102
MinimumVisualStudioVersion = 10.0.40219.1
Project("{FAE04EC0-301F-11D3-BF4B-00C04F79EFBC}") = "FormaGeometrica", "FormaGeometrica\FormaGeometrica.csproj", "{4535AF7A-2B33-4143-982C-86E69293DD7B}"
EndProject
Global
	GlobalSection(SolutionConfigurationPlatforms) = preSolution
		Debug|Any CPU = Debug|Any CPU
		Release|Any CPU = Release|Any CPU
	EndGlobalSection
	GlobalSection(ProjectConfigurationPlatforms) = postSolution
		{4535AF7A-2B33-4143-982C-86E69293DD7B}.Debug|Any CPU.ActiveCfg = Debug|Any CPU
		{4535AF7A-2B33-4143-982C-86E69293DD7B}.Debug|Any CPU.Build.0 = Debug|Any CPU
		{4535AF7A-2B33-4143-982C-86E69293DD7B}.Release|Any CPU.ActiveCfg = Release|Any CPU
		{4535AF7A-2B33-4143-982C-86E69293DD7B}.Release|Any CPU.Build.0 = Release|Any CPU
	EndGlobalSection
	GlobalSection(SolutionProperties) = preSolution
		HideSolutionNode = FALSE
	EndGlobalSection
	GlobalSection(ExtensibilityGlobals) = postSolution
		SolutionGuid = {F552DB91-9A7A-4C99-B53A-06EC5D3684CA}
	EndGlobalSection
EndGlobal
